
Microsoft Visual Studio Solution File, Format Version 12.00
# Visual Studio Version 17
VisualStudioVersion = 17.3.32922.545
MinimumVisualStudioVersion = 10.0.40219.1
Project("{FAE04EC0-301F-11D3-BF4B-00C04F79EFBC}") = "Excercise2_149", "Excercise2_149\Excercise2_149.csproj", "{DA0A9D91-8A52-4EEA-9154-5E4480DEA16E}"
EndProject
Project("{2150E333-8FDC-42A3-9474-1A3956D46DE8}") = "Solution Items", "Solution Items", "{75A5042A-C056-4622-AD7C-827B25FED4F6}"
	ProjectSection(SolutionItems) = preProject
		.editorconfig = .editorconfig
	EndProjectSection
EndProject
Global
	GlobalSection(SolutionConfigurationPlatforms) = preSolution
		Debug|Any CPU = Debug|Any CPU
		Release|Any CPU = Release|Any CPU
	EndGlobalSection
	GlobalSection(ProjectConfigurationPlatforms) = postSolution
		{DA0A9D91-8A52-4EEA-9154-5E4480DEA16E}.Debug|Any CPU.ActiveCfg = Debug|Any CPU
		{DA0A9D91-8A52-4EEA-9154-5E4480DEA16E}.Debug|Any CPU.Build.0 = Debug|Any CPU
		{DA0A9D91-8A52-4EEA-9154-5E4480DEA16E}.Release|Any CPU.ActiveCfg = Release|Any CPU
		{DA0A9D91-8A52-4EEA-9154-5E4480DEA16E}.Release|Any CPU.Build.0 = Release|Any CPU
	EndGlobalSection
	GlobalSection(SolutionProperties) = preSolution
		HideSolutionNode = FALSE
	EndGlobalSection
	GlobalSection(ExtensibilityGlobals) = postSolution
		SolutionGuid = {0D51DAED-2615-4DFC-94D4-58E19C98256E}
	EndGlobalSection
EndGlobal
